
Microsoft Visual Studio Solution File, Format Version 12.00
# Visual Studio Version 17
VisualStudioVersion = 17.14.36511.14 d17.14
MinimumVisualStudioVersion = 10.0.40219.1
Project("{FAE04EC0-301F-11D3-BF4B-00C04F79EFBC}") = "PassengerManagement", "PassengerManagement\PassengerManagement.csproj", "{2338D324-4AA7-4149-811D-20439084DFA3}"
EndProject
Global
	GlobalSection(SolutionConfigurationPlatforms) = preSolution
		Debug|Any CPU = Debug|Any CPU
		Release|Any CPU = Release|Any CPU
	EndGlobalSection
	GlobalSection(ProjectConfigurationPlatforms) = postSolution
		{2338D324-4AA7-4149-811D-20439084DFA3}.Debug|Any CPU.ActiveCfg = Debug|Any CPU
		{2338D324-4AA7-4149-811D-20439084DFA3}.Debug|Any CPU.Build.0 = Debug|Any CPU
		{2338D324-4AA7-4149-811D-20439084DFA3}.Release|Any CPU.ActiveCfg = Release|Any CPU
		{2338D324-4AA7-4149-811D-20439084DFA3}.Release|Any CPU.Build.0 = Release|Any CPU
	EndGlobalSection
	GlobalSection(SolutionProperties) = preSolution
		HideSolutionNode = FALSE
	EndGlobalSection
	GlobalSection(ExtensibilityGlobals) = postSolution
		SolutionGuid = {4E434F94-AC59-4333-B4AB-03F2A2EFA20C}
	EndGlobalSection
EndGlobal
